// !$*UTF8*$!
{
	archiveVersion = 1;
	classes = {
	};
	objectVersion = 50;
	objects = {

/* Begin PBXBuildFile section */
		4CAF74FC23CF961D002C2E56 /* AppDelegate.swift in Sources */ = {isa = PBXBuildFile; fileRef = 4CAF74FB23CF961D002C2E56 /* AppDelegate.swift */; };
		4CAF74FE23CF961D002C2E56 /* SceneDelegate.swift in Sources */ = {isa = PBXBuildFile; fileRef = 4CAF74FD23CF961D002C2E56 /* SceneDelegate.swift */; };
		4CAF750023CF961D002C2E56 /* ViewController.swift in Sources */ = {isa = PBXBuildFile; fileRef = 4CAF74FF23CF961D002C2E56 /* ViewController.swift */; };
		4CAF750323CF961D002C2E56 /* Main.storyboard in Resources */ = {isa = PBXBuildFile; fileRef = 4CAF750123CF961D002C2E56 /* Main.storyboard */; };
		4CAF750523CF961E002C2E56 /* Assets.xcassets in Resources */ = {isa = PBXBuildFile; fileRef = 4CAF750423CF961E002C2E56 /* Assets.xcassets */; };
		4CAF750823CF961E002C2E56 /* LaunchScreen.storyboard in Resources */ = {isa = PBXBuildFile; fileRef = 4CAF750623CF961E002C2E56 /* LaunchScreen.storyboard */; };
		4CAF751323CF961E002C2E56 /* StocksExampleTests.swift in Sources */ = {isa = PBXBuildFile; fileRef = 4CAF751223CF961E002C2E56 /* StocksExampleTests.swift */; };
		4CAF752023CFBAA4002C2E56 /* Stock.swift in Sources */ = {isa = PBXBuildFile; fileRef = 4CAF751F23CFBAA4002C2E56 /* Stock.swift */; };
/* End PBXBuildFile section */

/* Begin PBXContainerItemProxy section */
		4CAF750F23CF961E002C2E56 /* PBXContainerItemProxy */ = {
			isa = PBXContainerItemProxy;
			containerPortal = 4CAF74F023CF961D002C2E56 /* Project object */;
			proxyType = 1;
			remoteGlobalIDString = 4CAF74F723CF961D002C2E56;
			remoteInfo = StocksExample;
		};
/* End PBXContainerItemProxy section */

/* Begin PBXFileReference section */
		4CAF74F823CF961D002C2E56 /* StocksExample.app */ = {isa = PBXFileReference; explicitFileType = wrapper.application; includeInIndex = 0; path = StocksExample.app; sourceTree = BUILT_PRODUCTS_DIR; };
		4CAF74FB23CF961D002C2E56 /* AppDelegate.swift */ = {isa = PBXFileReference; lastKnownFileType = sourcecode.swift; path = AppDelegate.swift; sourceTree = "<group>"; };
		4CAF74FD23CF961D002C2E56 /* SceneDelegate.swift */ = {isa = PBXFileReference; lastKnownFileType = sourcecode.swift; path = SceneDelegate.swift; sourceTree = "<group>"; };
		4CAF74FF23CF961D002C2E56 /* ViewController.swift */ = {isa = PBXFileReference; lastKnownFileType = sourcecode.swift; path = ViewController.swift; sourceTree = "<group>"; };
		4CAF750223CF961D002C2E56 /* Base */ = {isa = PBXFileReference; lastKnownFileType = file.storyboard; name = Base; path = Base.lproj/Main.storyboard; sourceTree = "<group>"; };
		4CAF750423CF961E002C2E56 /* Assets.xcassets */ = {isa = PBXFileReference; lastKnownFileType = folder.assetcatalog; path = Assets.xcassets; sourceTree = "<group>"; };
		4CAF750723CF961E002C2E56 /* Base */ = {isa = PBXFileReference; lastKnownFileType = file.storyboard; name = Base; path = Base.lproj/LaunchScreen.storyboard; sourceTree = "<group>"; };
		4CAF750923CF961E002C2E56 /* Info.plist */ = {isa = PBXFileReference; lastKnownFileType = text.plist.xml; path = Info.plist; sourceTree = "<group>"; };
		4CAF750E23CF961E002C2E56 /* StocksExampleTests.xctest */ = {isa = PBXFileReference; explicitFileType = wrapper.cfbundle; includeInIndex = 0; path = StocksExampleTests.xctest; sourceTree = BUILT_PRODUCTS_DIR; };
		4CAF751223CF961E002C2E56 /* StocksExampleTests.swift */ = {isa = PBXFileReference; lastKnownFileType = sourcecode.swift; path = StocksExampleTests.swift; sourceTree = "<group>"; };
		4CAF751423CF961E002C2E56 /* Info.plist */ = {isa = PBXFileReference; lastKnownFileType = text.plist.xml; path = Info.plist; sourceTree = "<group>"; };
		4CAF751F23CFBAA4002C2E56 /* Stock.swift */ = {isa = PBXFileReference; lastKnownFileType = sourcecode.swift; path = Stock.swift; sourceTree = "<group>"; };
/* End PBXFileReference section */

/* Begin PBXFrameworksBuildPhase section */
		4CAF74F523CF961D002C2E56 /* Frameworks */ = {
			isa = PBXFrameworksBuildPhase;
			buildActionMask = 2147483647;
			files = (
			);
			runOnlyForDeploymentPostprocessing = 0;
		};
		4CAF750B23CF961E002C2E56 /* Frameworks */ = {
			isa = PBXFrameworksBuildPhase;
			buildActionMask = 2147483647;
			files = (
			);
			runOnlyForDeploymentPostprocessing = 0;
		};
/* End PBXFrameworksBuildPhase section */

/* Begin PBXGroup section */
		4CAF74EF23CF961D002C2E56 = {
			isa = PBXGroup;
			children = (
				4CAF74FA23CF961D002C2E56 /* StocksExample */,
				4CAF751123CF961E002C2E56 /* StocksExampleTests */,
				4CAF74F923CF961D002C2E56 /* Products */,
			);
			sourceTree = "<group>";
		};
		4CAF74F923CF961D002C2E56 /* Products */ = {
			isa = PBXGroup;
			children = (
				4CAF74F823CF961D002C2E56 /* StocksExample.app */,
				4CAF750E23CF961E002C2E56 /* StocksExampleTests.xctest */,
			);
			name = Products;
			sourceTree = "<group>";
		};
		4CAF74FA23CF961D002C2E56 /* StocksExample */ = {
			isa = PBXGroup;
			children = (
				4CAF751E23CFB4B3002C2E56 /* Services */,
				4CAF751D23CFB49E002C2E56 /* Models */,
				4CAF74FB23CF961D002C2E56 /* AppDelegate.swift */,
				4CAF74FD23CF961D002C2E56 /* SceneDelegate.swift */,
				4CAF74FF23CF961D002C2E56 /* ViewController.swift */,
				4CAF750123CF961D002C2E56 /* Main.storyboard */,
				4CAF750423CF961E002C2E56 /* Assets.xcassets */,
				4CAF750623CF961E002C2E56 /* LaunchScreen.storyboard */,
				4CAF750923CF961E002C2E56 /* Info.plist */,
			);
			path = StocksExample;
			sourceTree = "<group>";
		};
		4CAF751123CF961E002C2E56 /* StocksExampleTests */ = {
			isa = PBXGroup;
			children = (
				4CAF751223CF961E002C2E56 /* StocksExampleTests.swift */,
				4CAF751423CF961E002C2E56 /* Info.plist */,
			);
			path = StocksExampleTests;
			sourceTree = "<group>";
		};
		4CAF751D23CFB49E002C2E56 /* Models */ = {
			isa = PBXGroup;
			children = (
				4CAF751F23CFBAA4002C2E56 /* Stock.swift */,
			);
			path = Models;
			sourceTree = "<group>";
		};
		4CAF751E23CFB4B3002C2E56 /* Services */ = {
			isa = PBXGroup;
			children = (
			);
			path = Services;
			sourceTree = "<group>";
		};
/* End PBXGroup section */

/* Begin PBXNativeTarget section */
		4CAF74F723CF961D002C2E56 /* StocksExample */ = {
			isa = PBXNativeTarget;
			buildConfigurationList = 4CAF751723CF961E002C2E56 /* Build configuration list for PBXNativeTarget "StocksExample" */;
			buildPhases = (
				4CAF74F423CF961D002C2E56 /* Sources */,
				4CAF74F523CF961D002C2E56 /* Frameworks */,
				4CAF74F623CF961D002C2E56 /* Resources */,
			);
			buildRules = (
			);
			dependencies = (
			);
			name = StocksExample;
			productName = StocksExample;
			productReference = 4CAF74F823CF961D002C2E56 /* StocksExample.app */;
			productType = "com.apple.product-type.application";
		};
		4CAF750D23CF961E002C2E56 /* StocksExampleTests */ = {
			isa = PBXNativeTarget;
			buildConfigurationList = 4CAF751A23CF961E002C2E56 /* Build configuration list for PBXNativeTarget "StocksExampleTests" */;
			buildPhases = (
				4CAF750A23CF961E002C2E56 /* Sources */,
				4CAF750B23CF961E002C2E56 /* Frameworks */,
				4CAF750C23CF961E002C2E56 /* Resources */,
			);
			buildRules = (
			);
			dependencies = (
				4CAF751023CF961E002C2E56 /* PBXTargetDependency */,
			);
			name = StocksExampleTests;
			productName = StocksExampleTests;
			productReference = 4CAF750E23CF961E002C2E56 /* StocksExampleTests.xctest */;
			productType = "com.apple.product-type.bundle.unit-test";
		};
/* End PBXNativeTarget section */

/* Begin PBXProject section */
		4CAF74F023CF961D002C2E56 /* Project object */ = {
			isa = PBXProject;
			attributes = {
				LastSwiftUpdateCheck = 1120;
				LastUpgradeCheck = 1120;
				ORGANIZATIONNAME = boaz;
				TargetAttributes = {
					4CAF74F723CF961D002C2E56 = {
						CreatedOnToolsVersion = 11.2.1;
					};
					4CAF750D23CF961E002C2E56 = {
						CreatedOnToolsVersion = 11.2.1;
						TestTargetID = 4CAF74F723CF961D002C2E56;
					};
				};
			};
			buildConfigurationList = 4CAF74F323CF961D002C2E56 /* Build configuration list for PBXProject "StocksExample" */;
			compatibilityVersion = "Xcode 9.3";
			developmentRegion = en;
			hasScannedForEncodings = 0;
			knownRegions = (
				en,
				Base,
			);
			mainGroup = 4CAF74EF23CF961D002C2E56;
			productRefGroup = 4CAF74F923CF961D002C2E56 /* Products */;
			projectDirPath = "";
			projectRoot = "";
			targets = (
				4CAF74F723CF961D002C2E56 /* StocksExample */,
				4CAF750D23CF961E002C2E56 /* StocksExampleTests */,
			);
		};
/* End PBXProject section */

/* Begin PBXResourcesBuildPhase section */
		4CAF74F623CF961D002C2E56 /* Resources */ = {
			isa = PBXResourcesBuildPhase;
			buildActionMask = 2147483647;
			files = (
				4CAF750823CF961E002C2E56 /* LaunchScreen.storyboard in Resources */,
				4CAF750523CF961E002C2E56 /* Assets.xcassets in Resources */,
				4CAF750323CF961D002C2E56 /* Main.storyboard in Resources */,
			);
			runOnlyForDeploymentPostprocessing = 0;
		};
		4CAF750C23CF961E002C2E56 /* Resources */ = {
			isa = PBXResourcesBuildPhase;
			buildActionMask = 2147483647;
			files = (
			);
			runOnlyForDeploymentPostprocessing = 0;
		};
/* End PBXResourcesBuildPhase section */

/* Begin PBXSourcesBuildPhase section */
		4CAF74F423CF961D002C2E56 /* Sources */ = {
			isa = PBXSourcesBuildPhase;
			buildActionMask = 2147483647;
			files = (
				4CAF750023CF961D002C2E56 /* ViewController.swift in Sources */,
				4CAF74FC23CF961D002C2E56 /* AppDelegate.swift in Sources */,
				4CAF752023CFBAA4002C2E56 /* Stock.swift in Sources */,
				4CAF74FE23CF961D002C2E56 /* SceneDelegate.swift in Sources */,
			);
			runOnlyForDeploymentPostprocessing = 0;
		};
		4CAF750A23CF961E002C2E56 /* Sources */ = {
			isa = PBXSourcesBuildPhase;
			buildActionMask = 2147483647;
			files = (
				4CAF751323CF961E002C2E56 /* StocksExampleTests.swift in Sources */,
			);
			runOnlyForDeploymentPostprocessing = 0;
		};
/* End PBXSourcesBuildPhase section */

/* Begin PBXTargetDependency section */
		4CAF751023CF961E002C2E56 /* PBXTargetDependency */ = {
			isa = PBXTargetDependency;
			target = 4CAF74F723CF961D002C2E56 /* StocksExample */;
			targetProxy = 4CAF750F23CF961E002C2E56 /* PBXContainerItemProxy */;
		};
/* End PBXTargetDependency section */

/* Begin PBXVariantGroup section */
		4CAF750123CF961D002C2E56 /* Main.storyboard */ = {
			isa = PBXVariantGroup;
			children = (
				4CAF750223CF961D002C2E56 /* Base */,
			);
			name = Main.storyboard;
			sourceTree = "<group>";
		};
		4CAF750623CF961E002C2E56 /* LaunchScreen.storyboard */ = {
			isa = PBXVariantGroup;
			children = (
				4CAF750723CF961E002C2E56 /* Base */,
			);
			name = LaunchScreen.storyboard;
			sourceTree = "<group>";
		};
/* End PBXVariantGroup section */

/* Begin XCBuildConfiguration section */
		4CAF751523CF961E002C2E56 /* Debug */ = {
			isa = XCBuildConfiguration;
			buildSettings = {
				ALWAYS_SEARCH_USER_PATHS = NO;
				CLANG_ANALYZER_NONNULL = YES;
				CLANG_ANALYZER_NUMBER_OBJECT_CONVERSION = YES_AGGRESSIVE;
				CLANG_CXX_LANGUAGE_STANDARD = "gnu++14";
				CLANG_CXX_LIBRARY = "libc++";
				CLANG_ENABLE_MODULES = YES;
				CLANG_ENABLE_OBJC_ARC = YES;
				CLANG_ENABLE_OBJC_WEAK = YES;
				CLANG_WARN_BLOCK_CAPTURE_AUTORELEASING = YES;
				CLANG_WARN_BOOL_CONVERSION = YES;
				CLANG_WARN_COMMA = YES;
				CLANG_WARN_CONSTANT_CONVERSION = YES;
				CLANG_WARN_DEPRECATED_OBJC_IMPLEMENTATIONS = YES;
				CLANG_WARN_DIRECT_OBJC_ISA_USAGE = YES_ERROR;
				CLANG_WARN_DOCUMENTATION_COMMENTS = YES;
				CLANG_WARN_EMPTY_BODY = YES;
				CLANG_WARN_ENUM_CONVERSION = YES;
				CLANG_WARN_INFINITE_RECURSION = YES;
				CLANG_WARN_INT_CONVERSION = YES;
				CLANG_WARN_NON_LITERAL_NULL_CONVERSION = YES;
				CLANG_WARN_OBJC_IMPLICIT_RETAIN_SELF = YES;
				CLANG_WARN_OBJC_LITERAL_CONVERSION = YES;
				CLANG_WARN_OBJC_ROOT_CLASS = YES_ERROR;
				CLANG_WARN_RANGE_LOOP_ANALYSIS = YES;
				CLANG_WARN_STRICT_PROTOTYPES = YES;
				CLANG_WARN_SUSPICIOUS_MOVE = YES;
				CLANG_WARN_UNGUARDED_AVAILABILITY = YES_AGGRESSIVE;
				CLANG_WARN_UNREACHABLE_CODE = YES;
				CLANG_WARN__DUPLICATE_METHOD_MATCH = YES;
				COPY_PHASE_STRIP = NO;
				DEBUG_INFORMATION_FORMAT = dwarf;
				ENABLE_STRICT_OBJC_MSGSEND = YES;
				ENABLE_TESTABILITY = YES;
				GCC_C_LANGUAGE_STANDARD = gnu11;
				GCC_DYNAMIC_NO_PIC = NO;
				GCC_NO_COMMON_BLOCKS = YES;
				GCC_OPTIMIZATION_LEVEL = 0;
				GCC_PREPROCESSOR_DEFINITIONS = (
					"DEBUG=1",
					"$(inherited)",
				);
				GCC_WARN_64_TO_32_BIT_CONVERSION = YES;
				GCC_WARN_ABOUT_RETURN_TYPE = YES_ERROR;
				GCC_WARN_UNDECLARED_SELECTOR = YES;
				GCC_WARN_UNINITIALIZED_AUTOS = YES_AGGRESSIVE;
				GCC_WARN_UNUSED_FUNCTION = YES;
				GCC_WARN_UNUSED_VARIABLE = YES;
				IPHONEOS_DEPLOYMENT_TARGET = 13.2;
				MTL_ENABLE_DEBUG_INFO = INCLUDE_SOURCE;
				MTL_FAST_MATH = YES;
				ONLY_ACTIVE_ARCH = YES;
				SDKROOT = iphoneos;
				SWIFT_ACTIVE_COMPILATION_CONDITIONS = DEBUG;
				SWIFT_OPTIMIZATION_LEVEL = "-Onone";
			};
			name = Debug;
		};
		4CAF751623CF961E002C2E56 /* Release */ = {
			isa = XCBuildConfiguration;
			buildSettings = {
				ALWAYS_SEARCH_USER_PATHS = NO;
				CLANG_ANALYZER_NONNULL = YES;
				CLANG_ANALYZER_NUMBER_OBJECT_CONVERSION = YES_AGGRESSIVE;
				CLANG_CXX_LANGUAGE_STANDARD = "gnu++14";
				CLANG_CXX_LIBRARY = "libc++";
				CLANG_ENABLE_MODULES = YES;
				CLANG_ENABLE_OBJC_ARC = YES;
				CLANG_ENABLE_OBJC_WEAK = YES;
				CLANG_WARN_BLOCK_CAPTURE_AUTORELEASING = YES;
				CLANG_WARN_BOOL_CONVERSION = YES;
				CLANG_WARN_COMMA = YES;
				CLANG_WARN_CONSTANT_CONVERSION = YES;
				CLANG_WARN_DEPRECATED_OBJC_IMPLEMENTATIONS = YES;
				CLANG_WARN_DIRECT_OBJC_ISA_USAGE = YES_ERROR;
				CLANG_WARN_DOCUMENTATION_COMMENTS = YES;
				CLANG_WARN_EMPTY_BODY = YES;
				CLANG_WARN_ENUM_CONVERSION = YES;
				CLANG_WARN_INFINITE_RECURSION = YES;
				CLANG_WARN_INT_CONVERSION = YES;
				CLANG_WARN_NON_LITERAL_NULL_CONVERSION = YES;
				CLANG_WARN_OBJC_IMPLICIT_RETAIN_SELF = YES;
				CLANG_WARN_OBJC_LITERAL_CONVERSION = YES;
				CLANG_WARN_OBJC_ROOT_CLASS = YES_ERROR;
				CLANG_WARN_RANGE_LOOP_ANALYSIS = YES;
				CLANG_WARN_STRICT_PROTOTYPES = YES;
				CLANG_WARN_SUSPICIOUS_MOVE = YES;
				CLANG_WARN_UNGUARDED_AVAILABILITY = YES_AGGRESSIVE;
				CLANG_WARN_UNREACHABLE_CODE = YES;
				CLANG_WARN__DUPLICATE_METHOD_MATCH = YES;
				COPY_PHASE_STRIP = NO;
				DEBUG_INFORMATION_FORMAT = "dwarf-with-dsym";
				ENABLE_NS_ASSERTIONS = NO;
				ENABLE_STRICT_OBJC_MSGSEND = YES;
				GCC_C_LANGUAGE_STANDARD = gnu11;
				GCC_NO_COMMON_BLOCKS = YES;
				GCC_WARN_64_TO_32_BIT_CONVERSION = YES;
				GCC_WARN_ABOUT_RETURN_TYPE = YES_ERROR;
				GCC_WARN_UNDECLARED_SELECTOR = YES;
				GCC_WARN_UNINITIALIZED_AUTOS = YES_AGGRESSIVE;
				GCC_WARN_UNUSED_FUNCTION = YES;
				GCC_WARN_UNUSED_VARIABLE = YES;
				IPHONEOS_DEPLOYMENT_TARGET = 13.2;
				MTL_ENABLE_DEBUG_INFO = NO;
				MTL_FAST_MATH = YES;
				SDKROOT = iphoneos;
				SWIFT_COMPILATION_MODE = wholemodule;
				SWIFT_OPTIMIZATION_LEVEL = "-O";
				VALIDATE_PRODUCT = YES;
			};
			name = Release;
		};
		4CAF751823CF961E002C2E56 /* Debug */ = {
			isa = XCBuildConfiguration;
			buildSettings = {
				ASSETCATALOG_COMPILER_APPICON_NAME = AppIcon;
				CODE_SIGN_STYLE = Automatic;
				DEVELOPMENT_TEAM = 668NNJA66N;
				INFOPLIST_FILE = StocksExample/Info.plist;
				LD_RUNPATH_SEARCH_PATHS = (
					"$(inherited)",
					"@executable_path/Frameworks",
				);
				PRODUCT_BUNDLE_IDENTIFIER = com.boaz.StocksExample;
				PRODUCT_NAME = "$(TARGET_NAME)";
				SWIFT_VERSION = 5.0;
				TARGETED_DEVICE_FAMILY = "1,2";
			};
			name = Debug;
		};
		4CAF751923CF961E002C2E56 /* Release */ = {
			isa = XCBuildConfiguration;
			buildSettings = {
				ASSETCATALOG_COMPILER_APPICON_NAME = AppIcon;
				CODE_SIGN_STYLE = Automatic;
				DEVELOPMENT_TEAM = 668NNJA66N;
				INFOPLIST_FILE = StocksExample/Info.plist;
				LD_RUNPATH_SEARCH_PATHS = (
					"$(inherited)",
					"@executable_path/Frameworks",
				);
				PRODUCT_BUNDLE_IDENTIFIER = com.boaz.StocksExample;
				PRODUCT_NAME = "$(TARGET_NAME)";
				SWIFT_VERSION = 5.0;
				TARGETED_DEVICE_FAMILY = "1,2";
			};
			name = Release;
		};
		4CAF751B23CF961E002C2E56 /* Debug */ = {
			isa = XCBuildConfiguration;
			buildSettings = {
				ALWAYS_EMBED_SWIFT_STANDARD_LIBRARIES = YES;
				BUNDLE_LOADER = "$(TEST_HOST)";
				CODE_SIGN_STYLE = Automatic;
				DEVELOPMENT_TEAM = 668NNJA66N;
				INFOPLIST_FILE = StocksExampleTests/Info.plist;
				IPHONEOS_DEPLOYMENT_TARGET = 13.2;
				LD_RUNPATH_SEARCH_PATHS = (
					"$(inherited)",
					"@executable_path/Frameworks",
					"@loader_path/Frameworks",
				);
				PRODUCT_BUNDLE_IDENTIFIER = com.boaz.StocksExampleTests;
				PRODUCT_NAME = "$(TARGET_NAME)";
				SWIFT_VERSION = 5.0;
				TARGETED_DEVICE_FAMILY = "1,2";
				TEST_HOST = "$(BUILT_PRODUCTS_DIR)/StocksExample.app/StocksExample";
			};
			name = Debug;
		};
		4CAF751C23CF961E002C2E56 /* Release */ = {
			isa = XCBuildConfiguration;
			buildSettings = {
				ALWAYS_EMBED_SWIFT_STANDARD_LIBRARIES = YES;
				BUNDLE_LOADER = "$(TEST_HOST)";
				CODE_SIGN_STYLE = Automatic;
				DEVELOPMENT_TEAM = 668NNJA66N;
				INFOPLIST_FILE = StocksExampleTests/Info.plist;
				IPHONEOS_DEPLOYMENT_TARGET = 13.2;
				LD_RUNPATH_SEARCH_PATHS = (
					"$(inherited)",
					"@executable_path/Frameworks",
					"@loader_path/Frameworks",
				);
				PRODUCT_BUNDLE_IDENTIFIER = com.boaz.StocksExampleTests;
				PRODUCT_NAME = "$(TARGET_NAME)";
				SWIFT_VERSION = 5.0;
				TARGETED_DEVICE_FAMILY = "1,2";
				TEST_HOST = "$(BUILT_PRODUCTS_DIR)/StocksExample.app/StocksExample";
			};
			name = Release;
		};
/* End XCBuildConfiguration section */

/* Begin XCConfigurationList section */
		4CAF74F323CF961D002C2E56 /* Build configuration list for PBXProject "StocksExample" */ = {
			isa = XCConfigurationList;
			buildConfigurations = (
				4CAF751523CF961E002C2E56 /* Debug */,
				4CAF751623CF961E002C2E56 /* Release */,
			);
			defaultConfigurationIsVisible = 0;
			defaultConfigurationName = Release;
		};
		4CAF751723CF961E002C2E56 /* Build configuration list for PBXNativeTarget "StocksExample" */ = {
			isa = XCConfigurationList;
			buildConfigurations = (
				4CAF751823CF961E002C2E56 /* Debug */,
				4CAF751923CF961E002C2E56 /* Release */,
			);
			defaultConfigurationIsVisible = 0;
			defaultConfigurationName = Release;
		};
		4CAF751A23CF961E002C2E56 /* Build configuration list for PBXNativeTarget "StocksExampleTests" */ = {
			isa = XCConfigurationList;
			buildConfigurations = (
				4CAF751B23CF961E002C2E56 /* Debug */,
				4CAF751C23CF961E002C2E56 /* Release */,
			);
			defaultConfigurationIsVisible = 0;
			defaultConfigurationName = Release;
		};
/* End XCConfigurationList section */
	};
	rootObject = 4CAF74F023CF961D002C2E56 /* Project object */;
}
